
Microsoft Visual Studio Solution File, Format Version 12.00
# Visual Studio Version 17
VisualStudioVersion = 17.13.35931.197 d17.13
MinimumVisualStudioVersion = 10.0.40219.1
Project("{FAE04EC0-301F-11D3-BF4B-00C04F79EFBC}") = "MovieAPI", "MovieAPI\MovieAPI.csproj", "{1A9B68BF-6CAF-4A43-8C88-75553A83E311}"
EndProject
Global
	GlobalSection(SolutionConfigurationPlatforms) = preSolution
		Debug|Any CPU = Debug|Any CPU
		Release|Any CPU = Release|Any CPU
	EndGlobalSection
	GlobalSection(ProjectConfigurationPlatforms) = postSolution
		{1A9B68BF-6CAF-4A43-8C88-75553A83E311}.Debug|Any CPU.ActiveCfg = Debug|Any CPU
		{1A9B68BF-6CAF-4A43-8C88-75553A83E311}.Debug|Any CPU.Build.0 = Debug|Any CPU
		{1A9B68BF-6CAF-4A43-8C88-75553A83E311}.Release|Any CPU.ActiveCfg = Release|Any CPU
		{1A9B68BF-6CAF-4A43-8C88-75553A83E311}.Release|Any CPU.Build.0 = Release|Any CPU
	EndGlobalSection
	GlobalSection(SolutionProperties) = preSolution
		HideSolutionNode = FALSE
	EndGlobalSection
	GlobalSection(ExtensibilityGlobals) = postSolution
		SolutionGuid = {667EBBBC-EDE3-43E0-AF0B-A1835535AA11}
	EndGlobalSection
EndGlobal
